
Microsoft Visual Studio Solution File, Format Version 12.00
# Visual Studio Version 16
VisualStudioVersion = 16.0.33027.164
MinimumVisualStudioVersion = 10.0.40219.1
Project("{FAE04EC0-301F-11D3-BF4B-00C04F79EFBC}") = "RestaurantReservation_Project.Server", "RestaurantReservation_Project\Server\RestaurantReservation_Project.Server.csproj", "{8EF20604-5BDC-44D2-A430-0A703B682BDE}"
EndProject
Project("{FAE04EC0-301F-11D3-BF4B-00C04F79EFBC}") = "RestaurantReservation_Project.Client", "RestaurantReservation_Project\Client\RestaurantReservation_Project.Client.csproj", "{22F4C3E5-699D-44A6-8B81-77AFAB009E88}"
EndProject
Project("{FAE04EC0-301F-11D3-BF4B-00C04F79EFBC}") = "RestaurantReservation_Project.Shared", "RestaurantReservation_Project\Shared\RestaurantReservation_Project.Shared.csproj", "{76040D48-11A3-4892-B803-C2AAE993E207}"
EndProject
Global
	GlobalSection(SolutionConfigurationPlatforms) = preSolution
		Debug|Any CPU = Debug|Any CPU
		Release|Any CPU = Release|Any CPU
	EndGlobalSection
	GlobalSection(ProjectConfigurationPlatforms) = postSolution
		{8EF20604-5BDC-44D2-A430-0A703B682BDE}.Debug|Any CPU.ActiveCfg = Debug|Any CPU
		{8EF20604-5BDC-44D2-A430-0A703B682BDE}.Debug|Any CPU.Build.0 = Debug|Any CPU
		{8EF20604-5BDC-44D2-A430-0A703B682BDE}.Release|Any CPU.ActiveCfg = Release|Any CPU
		{8EF20604-5BDC-44D2-A430-0A703B682BDE}.Release|Any CPU.Build.0 = Release|Any CPU
		{22F4C3E5-699D-44A6-8B81-77AFAB009E88}.Debug|Any CPU.ActiveCfg = Debug|Any CPU
		{22F4C3E5-699D-44A6-8B81-77AFAB009E88}.Debug|Any CPU.Build.0 = Debug|Any CPU
		{22F4C3E5-699D-44A6-8B81-77AFAB009E88}.Release|Any CPU.ActiveCfg = Release|Any CPU
		{22F4C3E5-699D-44A6-8B81-77AFAB009E88}.Release|Any CPU.Build.0 = Release|Any CPU
		{76040D48-11A3-4892-B803-C2AAE993E207}.Debug|Any CPU.ActiveCfg = Debug|Any CPU
		{76040D48-11A3-4892-B803-C2AAE993E207}.Debug|Any CPU.Build.0 = Debug|Any CPU
		{76040D48-11A3-4892-B803-C2AAE993E207}.Release|Any CPU.ActiveCfg = Release|Any CPU
		{76040D48-11A3-4892-B803-C2AAE993E207}.Release|Any CPU.Build.0 = Release|Any CPU
	EndGlobalSection
	GlobalSection(SolutionProperties) = preSolution
		HideSolutionNode = FALSE
	EndGlobalSection
	GlobalSection(ExtensibilityGlobals) = postSolution
		SolutionGuid = {6B6CF311-73DC-4D63-A3DD-CB9824FD228B}
	EndGlobalSection
EndGlobal
